// !$*UTF8*$!
{
	archiveVersion = 1;
	classes = {
	};
	objectVersion = 48;
	objects = {

/* Begin PBXBuildFile section */
		09281FE920CAE333002F2126 /* AppDelegate.swift in Sources */ = {isa = PBXBuildFile; fileRef = 09281FE820CAE333002F2126 /* AppDelegate.swift */; };
		09281FEE20CAE333002F2126 /* Main.storyboard in Resources */ = {isa = PBXBuildFile; fileRef = 09281FEC20CAE333002F2126 /* Main.storyboard */; };
		09281FF020CAE333002F2126 /* Assets.xcassets in Resources */ = {isa = PBXBuildFile; fileRef = 09281FEF20CAE333002F2126 /* Assets.xcassets */; };
		09281FF320CAE333002F2126 /* LaunchScreen.storyboard in Resources */ = {isa = PBXBuildFile; fileRef = 09281FF120CAE333002F2126 /* LaunchScreen.storyboard */; };
		09281FFD20CAE66B002F2126 /* MainTableTableViewController.swift in Sources */ = {isa = PBXBuildFile; fileRef = 09281FFC20CAE66B002F2126 /* MainTableTableViewController.swift */; };
		09281FFF20CAF07C002F2126 /* RestaurantTableViewCell.swift in Sources */ = {isa = PBXBuildFile; fileRef = 09281FFE20CAF07C002F2126 /* RestaurantTableViewCell.swift */; };
		0928200120CAFD72002F2126 /* EjercicioTableViewController.swift in Sources */ = {isa = PBXBuildFile; fileRef = 0928200020CAFD72002F2126 /* EjercicioTableViewController.swift */; };
		0928200520CB0035002F2126 /* EjercicioTableViewCell.swift in Sources */ = {isa = PBXBuildFile; fileRef = 0928200420CB0035002F2126 /* EjercicioTableViewCell.swift */; };
		09839D9520D42B8E00DEB3BD /* RestaurantDetailViewController.swift in Sources */ = {isa = PBXBuildFile; fileRef = 09839D9420D42B8E00DEB3BD /* RestaurantDetailViewController.swift */; };
		09839D9B20D4401100DEB3BD /* Restaurant.swift in Sources */ = {isa = PBXBuildFile; fileRef = 09839D9A20D4401100DEB3BD /* Restaurant.swift */; };
		09839D9D20D44C9300DEB3BD /* RestaurantDetailTableViewCell.swift in Sources */ = {isa = PBXBuildFile; fileRef = 09839D9C20D44C9300DEB3BD /* RestaurantDetailTableViewCell.swift */; };
		0999866D20E674D1009F6112 /* MapKit.framework in Frameworks */ = {isa = PBXBuildFile; fileRef = 0999866C20E674D1009F6112 /* MapKit.framework */; };
		0999867020E686F7009F6112 /* MapViewController.swift in Sources */ = {isa = PBXBuildFile; fileRef = 0999866F20E686F7009F6112 /* MapViewController.swift */; };
		09A8B48A20E6A363003A2BAC /* AddRestaurantTableViewController.swift in Sources */ = {isa = PBXBuildFile; fileRef = 09A8B48920E6A363003A2BAC /* AddRestaurantTableViewController.swift */; };
		09B2E8A120DD6C68008D8023 /* ReviewViewController.swift in Sources */ = {isa = PBXBuildFile; fileRef = 09B2E8A020DD6C68008D8023 /* ReviewViewController.swift */; };
/* End PBXBuildFile section */

/* Begin PBXFileReference section */
		09281FE520CAE333002F2126 /* Restaurante02.app */ = {isa = PBXFileReference; explicitFileType = wrapper.application; includeInIndex = 0; path = Restaurante02.app; sourceTree = BUILT_PRODUCTS_DIR; };
		09281FE820CAE333002F2126 /* AppDelegate.swift */ = {isa = PBXFileReference; lastKnownFileType = sourcecode.swift; path = AppDelegate.swift; sourceTree = "<group>"; };
		09281FED20CAE333002F2126 /* Base */ = {isa = PBXFileReference; lastKnownFileType = file.storyboard; name = Base; path = Base.lproj/Main.storyboard; sourceTree = "<group>"; };
		09281FEF20CAE333002F2126 /* Assets.xcassets */ = {isa = PBXFileReference; lastKnownFileType = folder.assetcatalog; path = Assets.xcassets; sourceTree = "<group>"; };
		09281FF220CAE333002F2126 /* Base */ = {isa = PBXFileReference; lastKnownFileType = file.storyboard; name = Base; path = Base.lproj/LaunchScreen.storyboard; sourceTree = "<group>"; };
		09281FF420CAE333002F2126 /* Info.plist */ = {isa = PBXFileReference; lastKnownFileType = text.plist.xml; path = Info.plist; sourceTree = "<group>"; };
		09281FFC20CAE66B002F2126 /* MainTableTableViewController.swift */ = {isa = PBXFileReference; lastKnownFileType = sourcecode.swift; path = MainTableTableViewController.swift; sourceTree = "<group>"; };
		09281FFE20CAF07C002F2126 /* RestaurantTableViewCell.swift */ = {isa = PBXFileReference; lastKnownFileType = sourcecode.swift; path = RestaurantTableViewCell.swift; sourceTree = "<group>"; };
		0928200020CAFD72002F2126 /* EjercicioTableViewController.swift */ = {isa = PBXFileReference; lastKnownFileType = sourcecode.swift; path = EjercicioTableViewController.swift; sourceTree = "<group>"; };
		0928200420CB0035002F2126 /* EjercicioTableViewCell.swift */ = {isa = PBXFileReference; lastKnownFileType = sourcecode.swift; path = EjercicioTableViewCell.swift; sourceTree = "<group>"; };
		09839D9420D42B8E00DEB3BD /* RestaurantDetailViewController.swift */ = {isa = PBXFileReference; lastKnownFileType = sourcecode.swift; path = RestaurantDetailViewController.swift; sourceTree = "<group>"; };
		09839D9A20D4401100DEB3BD /* Restaurant.swift */ = {isa = PBXFileReference; lastKnownFileType = sourcecode.swift; path = Restaurant.swift; sourceTree = "<group>"; };
		09839D9C20D44C9300DEB3BD /* RestaurantDetailTableViewCell.swift */ = {isa = PBXFileReference; lastKnownFileType = sourcecode.swift; path = RestaurantDetailTableViewCell.swift; sourceTree = "<group>"; };
		0999866C20E674D1009F6112 /* MapKit.framework */ = {isa = PBXFileReference; lastKnownFileType = wrapper.framework; name = MapKit.framework; path = System/Library/Frameworks/MapKit.framework; sourceTree = SDKROOT; };
		0999866F20E686F7009F6112 /* MapViewController.swift */ = {isa = PBXFileReference; lastKnownFileType = sourcecode.swift; path = MapViewController.swift; sourceTree = "<group>"; };
		09A8B48920E6A363003A2BAC /* AddRestaurantTableViewController.swift */ = {isa = PBXFileReference; lastKnownFileType = sourcecode.swift; path = AddRestaurantTableViewController.swift; sourceTree = "<group>"; };
		09B2E8A020DD6C68008D8023 /* ReviewViewController.swift */ = {isa = PBXFileReference; lastKnownFileType = sourcecode.swift; path = ReviewViewController.swift; sourceTree = "<group>"; };
/* End PBXFileReference section */

/* Begin PBXFrameworksBuildPhase section */
		09281FE220CAE333002F2126 /* Frameworks */ = {
			isa = PBXFrameworksBuildPhase;
			buildActionMask = 2147483647;
			files = (
				0999866D20E674D1009F6112 /* MapKit.framework in Frameworks */,
			);
			runOnlyForDeploymentPostprocessing = 0;
		};
/* End PBXFrameworksBuildPhase section */

/* Begin PBXGroup section */
		09281FDC20CAE333002F2126 = {
			isa = PBXGroup;
			children = (
				09A8B48620E6A313003A2BAC /* AddRestaurant */,
				0999866E20E686BC009F6112 /* MapView */,
				0999866A20E67463009F6112 /* Review */,
				09281FE720CAE333002F2126 /* Restaurante02 */,
				09281FE620CAE333002F2126 /* Products */,
				0999866B20E674D1009F6112 /* Frameworks */,
			);
			sourceTree = "<group>";
		};
		09281FE620CAE333002F2126 /* Products */ = {
			isa = PBXGroup;
			children = (
				09281FE520CAE333002F2126 /* Restaurante02.app */,
			);
			name = Products;
			sourceTree = "<group>";
		};
		09281FE720CAE333002F2126 /* Restaurante02 */ = {
			isa = PBXGroup;
			children = (
				09839D9920D43FFD00DEB3BD /* Models */,
				09839D9820D42C1700DEB3BD /* General */,
				09839D9720D42BF700DEB3BD /* Detail */,
				09839D9620D42BD100DEB3BD /* Main Screen */,
				0928200620CB0CF4002F2126 /* Ejercicio */,
				09281FEC20CAE333002F2126 /* Main.storyboard */,
				09281FEF20CAE333002F2126 /* Assets.xcassets */,
				09281FF420CAE333002F2126 /* Info.plist */,
			);
			path = Restaurante02;
			sourceTree = "<group>";
		};
		0928200620CB0CF4002F2126 /* Ejercicio */ = {
			isa = PBXGroup;
			children = (
				0928200420CB0035002F2126 /* EjercicioTableViewCell.swift */,
				0928200020CAFD72002F2126 /* EjercicioTableViewController.swift */,
			);
			path = Ejercicio;
			sourceTree = "<group>";
		};
		09839D9620D42BD100DEB3BD /* Main Screen */ = {
			isa = PBXGroup;
			children = (
				09281FFE20CAF07C002F2126 /* RestaurantTableViewCell.swift */,
				09281FFC20CAE66B002F2126 /* MainTableTableViewController.swift */,
			);
			path = "Main Screen";
			sourceTree = "<group>";
		};
		09839D9720D42BF700DEB3BD /* Detail */ = {
			isa = PBXGroup;
			children = (
				09839D9420D42B8E00DEB3BD /* RestaurantDetailViewController.swift */,
				09839D9C20D44C9300DEB3BD /* RestaurantDetailTableViewCell.swift */,
			);
			path = Detail;
			sourceTree = "<group>";
		};
		09839D9820D42C1700DEB3BD /* General */ = {
			isa = PBXGroup;
			children = (
				09281FE820CAE333002F2126 /* AppDelegate.swift */,
				09281FF120CAE333002F2126 /* LaunchScreen.storyboard */,
			);
			path = General;
			sourceTree = "<group>";
		};
		09839D9920D43FFD00DEB3BD /* Models */ = {
			isa = PBXGroup;
			children = (
				09839D9A20D4401100DEB3BD /* Restaurant.swift */,
			);
			path = Models;
			sourceTree = "<group>";
		};
		0999866A20E67463009F6112 /* Review */ = {
			isa = PBXGroup;
			children = (
				09B2E8A020DD6C68008D8023 /* ReviewViewController.swift */,
			);
			path = Review;
			sourceTree = "<group>";
		};
		0999866B20E674D1009F6112 /* Frameworks */ = {
			isa = PBXGroup;
			children = (
				0999866C20E674D1009F6112 /* MapKit.framework */,
			);
			name = Frameworks;
			sourceTree = "<group>";
		};
		0999866E20E686BC009F6112 /* MapView */ = {
			isa = PBXGroup;
			children = (
				0999866F20E686F7009F6112 /* MapViewController.swift */,
			);
			path = MapView;
			sourceTree = "<group>";
		};
		09A8B48620E6A313003A2BAC /* AddRestaurant */ = {
			isa = PBXGroup;
			children = (
				09A8B48920E6A363003A2BAC /* AddRestaurantTableViewController.swift */,
			);
			path = AddRestaurant;
			sourceTree = "<group>";
		};
/* End PBXGroup section */

/* Begin PBXNativeTarget section */
		09281FE420CAE333002F2126 /* Restaurante02 */ = {
			isa = PBXNativeTarget;
			buildConfigurationList = 09281FF720CAE333002F2126 /* Build configuration list for PBXNativeTarget "Restaurante02" */;
			buildPhases = (
				09281FE120CAE333002F2126 /* Sources */,
				09281FE220CAE333002F2126 /* Frameworks */,
				09281FE320CAE333002F2126 /* Resources */,
			);
			buildRules = (
			);
			dependencies = (
			);
			name = Restaurante02;
			productName = Restaurante02;
			productReference = 09281FE520CAE333002F2126 /* Restaurante02.app */;
			productType = "com.apple.product-type.application";
		};
/* End PBXNativeTarget section */

/* Begin PBXProject section */
		09281FDD20CAE333002F2126 /* Project object */ = {
			isa = PBXProject;
			attributes = {
				LastSwiftUpdateCheck = 0920;
				LastUpgradeCheck = 0920;
				ORGANIZATIONNAME = alegs0501;
				TargetAttributes = {
					09281FE420CAE333002F2126 = {
						CreatedOnToolsVersion = 9.2;
						ProvisioningStyle = Automatic;
						SystemCapabilities = {
							com.apple.Maps.iOS = {
								enabled = 1;
							};
						};
					};
				};
			};
			buildConfigurationList = 09281FE020CAE333002F2126 /* Build configuration list for PBXProject "Restaurante02" */;
			compatibilityVersion = "Xcode 8.0";
			developmentRegion = en;
			hasScannedForEncodings = 0;
			knownRegions = (
				en,
				Base,
			);
			mainGroup = 09281FDC20CAE333002F2126;
			productRefGroup = 09281FE620CAE333002F2126 /* Products */;
			projectDirPath = "";
			projectRoot = "";
			targets = (
				09281FE420CAE333002F2126 /* Restaurante02 */,
			);
		};
/* End PBXProject section */

/* Begin PBXResourcesBuildPhase section */
		09281FE320CAE333002F2126 /* Resources */ = {
			isa = PBXResourcesBuildPhase;
			buildActionMask = 2147483647;
			files = (
				09281FF320CAE333002F2126 /* LaunchScreen.storyboard in Resources */,
				09281FF020CAE333002F2126 /* Assets.xcassets in Resources */,
				09281FEE20CAE333002F2126 /* Main.storyboard in Resources */,
			);
			runOnlyForDeploymentPostprocessing = 0;
		};
/* End PBXResourcesBuildPhase section */

/* Begin PBXSourcesBuildPhase section */
		09281FE120CAE333002F2126 /* Sources */ = {
			isa = PBXSourcesBuildPhase;
			buildActionMask = 2147483647;
			files = (
				09281FE920CAE333002F2126 /* AppDelegate.swift in Sources */,
				0928200120CAFD72002F2126 /* EjercicioTableViewController.swift in Sources */,
				09A8B48A20E6A363003A2BAC /* AddRestaurantTableViewController.swift in Sources */,
				09281FFF20CAF07C002F2126 /* RestaurantTableViewCell.swift in Sources */,
				0999867020E686F7009F6112 /* MapViewController.swift in Sources */,
				09839D9B20D4401100DEB3BD /* Restaurant.swift in Sources */,
				09281FFD20CAE66B002F2126 /* MainTableTableViewController.swift in Sources */,
				09839D9D20D44C9300DEB3BD /* RestaurantDetailTableViewCell.swift in Sources */,
				09839D9520D42B8E00DEB3BD /* RestaurantDetailViewController.swift in Sources */,
				0928200520CB0035002F2126 /* EjercicioTableViewCell.swift in Sources */,
				09B2E8A120DD6C68008D8023 /* ReviewViewController.swift in Sources */,
			);
			runOnlyForDeploymentPostprocessing = 0;
		};
/* End PBXSourcesBuildPhase section */

/* Begin PBXVariantGroup section */
		09281FEC20CAE333002F2126 /* Main.storyboard */ = {
			isa = PBXVariantGroup;
			children = (
				09281FED20CAE333002F2126 /* Base */,
			);
			name = Main.storyboard;
			sourceTree = "<group>";
		};
		09281FF120CAE333002F2126 /* LaunchScreen.storyboard */ = {
			isa = PBXVariantGroup;
			children = (
				09281FF220CAE333002F2126 /* Base */,
			);
			name = LaunchScreen.storyboard;
			sourceTree = "<group>";
		};
/* End PBXVariantGroup section */

/* Begin XCBuildConfiguration section */
		09281FF520CAE333002F2126 /* Debug */ = {
			isa = XCBuildConfiguration;
			buildSettings = {
				ALWAYS_SEARCH_USER_PATHS = NO;
				CLANG_ANALYZER_NONNULL = YES;
				CLANG_ANALYZER_NUMBER_OBJECT_CONVERSION = YES_AGGRESSIVE;
				CLANG_CXX_LANGUAGE_STANDARD = "gnu++14";
				CLANG_CXX_LIBRARY = "libc++";
				CLANG_ENABLE_MODULES = YES;
				CLANG_ENABLE_OBJC_ARC = YES;
				CLANG_WARN_BLOCK_CAPTURE_AUTORELEASING = YES;
				CLANG_WARN_BOOL_CONVERSION = YES;
				CLANG_WARN_COMMA = YES;
				CLANG_WARN_CONSTANT_CONVERSION = YES;
				CLANG_WARN_DIRECT_OBJC_ISA_USAGE = YES_ERROR;
				CLANG_WARN_DOCUMENTATION_COMMENTS = YES;
				CLANG_WARN_EMPTY_BODY = YES;
				CLANG_WARN_ENUM_CONVERSION = YES;
				CLANG_WARN_INFINITE_RECURSION = YES;
				CLANG_WARN_INT_CONVERSION = YES;
				CLANG_WARN_NON_LITERAL_NULL_CONVERSION = YES;
				CLANG_WARN_OBJC_LITERAL_CONVERSION = YES;
				CLANG_WARN_OBJC_ROOT_CLASS = YES_ERROR;
				CLANG_WARN_RANGE_LOOP_ANALYSIS = YES;
				CLANG_WARN_STRICT_PROTOTYPES = YES;
				CLANG_WARN_SUSPICIOUS_MOVE = YES;
				CLANG_WARN_UNGUARDED_AVAILABILITY = YES_AGGRESSIVE;
				CLANG_WARN_UNREACHABLE_CODE = YES;
				CLANG_WARN__DUPLICATE_METHOD_MATCH = YES;
				CODE_SIGN_IDENTITY = "iPhone Developer";
				COPY_PHASE_STRIP = NO;
				DEBUG_INFORMATION_FORMAT = dwarf;
				ENABLE_STRICT_OBJC_MSGSEND = YES;
				ENABLE_TESTABILITY = YES;
				GCC_C_LANGUAGE_STANDARD = gnu11;
				GCC_DYNAMIC_NO_PIC = NO;
				GCC_NO_COMMON_BLOCKS = YES;
				GCC_OPTIMIZATION_LEVEL = 0;
				GCC_PREPROCESSOR_DEFINITIONS = (
					"DEBUG=1",
					"$(inherited)",
				);
				GCC_WARN_64_TO_32_BIT_CONVERSION = YES;
				GCC_WARN_ABOUT_RETURN_TYPE = YES_ERROR;
				GCC_WARN_UNDECLARED_SELECTOR = YES;
				GCC_WARN_UNINITIALIZED_AUTOS = YES_AGGRESSIVE;
				GCC_WARN_UNUSED_FUNCTION = YES;
				GCC_WARN_UNUSED_VARIABLE = YES;
				IPHONEOS_DEPLOYMENT_TARGET = 11.2;
				MTL_ENABLE_DEBUG_INFO = YES;
				ONLY_ACTIVE_ARCH = YES;
				SDKROOT = iphoneos;
				SWIFT_ACTIVE_COMPILATION_CONDITIONS = DEBUG;
				SWIFT_OPTIMIZATION_LEVEL = "-Onone";
			};
			name = Debug;
		};
		09281FF620CAE333002F2126 /* Release */ = {
			isa = XCBuildConfiguration;
			buildSettings = {
				ALWAYS_SEARCH_USER_PATHS = NO;
				CLANG_ANALYZER_NONNULL = YES;
				CLANG_ANALYZER_NUMBER_OBJECT_CONVERSION = YES_AGGRESSIVE;
				CLANG_CXX_LANGUAGE_STANDARD = "gnu++14";
				CLANG_CXX_LIBRARY = "libc++";
				CLANG_ENABLE_MODULES = YES;
				CLANG_ENABLE_OBJC_ARC = YES;
				CLANG_WARN_BLOCK_CAPTURE_AUTORELEASING = YES;
				CLANG_WARN_BOOL_CONVERSION = YES;
				CLANG_WARN_COMMA = YES;
				CLANG_WARN_CONSTANT_CONVERSION = YES;
				CLANG_WARN_DIRECT_OBJC_ISA_USAGE = YES_ERROR;
				CLANG_WARN_DOCUMENTATION_COMMENTS = YES;
				CLANG_WARN_EMPTY_BODY = YES;
				CLANG_WARN_ENUM_CONVERSION = YES;
				CLANG_WARN_INFINITE_RECURSION = YES;
				CLANG_WARN_INT_CONVERSION = YES;
				CLANG_WARN_NON_LITERAL_NULL_CONVERSION = YES;
				CLANG_WARN_OBJC_LITERAL_CONVERSION = YES;
				CLANG_WARN_OBJC_ROOT_CLASS = YES_ERROR;
				CLANG_WARN_RANGE_LOOP_ANALYSIS = YES;
				CLANG_WARN_STRICT_PROTOTYPES = YES;
				CLANG_WARN_SUSPICIOUS_MOVE = YES;
				CLANG_WARN_UNGUARDED_AVAILABILITY = YES_AGGRESSIVE;
				CLANG_WARN_UNREACHABLE_CODE = YES;
				CLANG_WARN__DUPLICATE_METHOD_MATCH = YES;
				CODE_SIGN_IDENTITY = "iPhone Developer";
				COPY_PHASE_STRIP = NO;
				DEBUG_INFORMATION_FORMAT = "dwarf-with-dsym";
				ENABLE_NS_ASSERTIONS = NO;
				ENABLE_STRICT_OBJC_MSGSEND = YES;
				GCC_C_LANGUAGE_STANDARD = gnu11;
				GCC_NO_COMMON_BLOCKS = YES;
				GCC_WARN_64_TO_32_BIT_CONVERSION = YES;
				GCC_WARN_ABOUT_RETURN_TYPE = YES_ERROR;
				GCC_WARN_UNDECLARED_SELECTOR = YES;
				GCC_WARN_UNINITIALIZED_AUTOS = YES_AGGRESSIVE;
				GCC_WARN_UNUSED_FUNCTION = YES;
				GCC_WARN_UNUSED_VARIABLE = YES;
				IPHONEOS_DEPLOYMENT_TARGET = 11.2;
				MTL_ENABLE_DEBUG_INFO = NO;
				SDKROOT = iphoneos;
				SWIFT_OPTIMIZATION_LEVEL = "-Owholemodule";
				VALIDATE_PRODUCT = YES;
			};
			name = Release;
		};
		09281FF820CAE333002F2126 /* Debug */ = {
			isa = XCBuildConfiguration;
			buildSettings = {
				ASSETCATALOG_COMPILER_APPICON_NAME = AppIcon;
				CODE_SIGN_STYLE = Automatic;
				INFOPLIST_FILE = Restaurante02/Info.plist;
				LD_RUNPATH_SEARCH_PATHS = "$(inherited) @executable_path/Frameworks";
				PRODUCT_BUNDLE_IDENTIFIER = com.alegs0501.Restaurante02;
				PRODUCT_NAME = "$(TARGET_NAME)";
				SWIFT_VERSION = 4.0;
				TARGETED_DEVICE_FAMILY = "1,2";
			};
			name = Debug;
		};
		09281FF920CAE333002F2126 /* Release */ = {
			isa = XCBuildConfiguration;
			buildSettings = {
				ASSETCATALOG_COMPILER_APPICON_NAME = AppIcon;
				CODE_SIGN_STYLE = Automatic;
				INFOPLIST_FILE = Restaurante02/Info.plist;
				LD_RUNPATH_SEARCH_PATHS = "$(inherited) @executable_path/Frameworks";
				PRODUCT_BUNDLE_IDENTIFIER = com.alegs0501.Restaurante02;
				PRODUCT_NAME = "$(TARGET_NAME)";
				SWIFT_VERSION = 4.0;
				TARGETED_DEVICE_FAMILY = "1,2";
			};
			name = Release;
		};
/* End XCBuildConfiguration section */

/* Begin XCConfigurationList section */
		09281FE020CAE333002F2126 /* Build configuration list for PBXProject "Restaurante02" */ = {
			isa = XCConfigurationList;
			buildConfigurations = (
				09281FF520CAE333002F2126 /* Debug */,
				09281FF620CAE333002F2126 /* Release */,
			);
			defaultConfigurationIsVisible = 0;
			defaultConfigurationName = Release;
		};
		09281FF720CAE333002F2126 /* Build configuration list for PBXNativeTarget "Restaurante02" */ = {
			isa = XCConfigurationList;
			buildConfigurations = (
				09281FF820CAE333002F2126 /* Debug */,
				09281FF920CAE333002F2126 /* Release */,
			);
			defaultConfigurationIsVisible = 0;
			defaultConfigurationName = Release;
		};
/* End XCConfigurationList section */
	};
	rootObject = 09281FDD20CAE333002F2126 /* Project object */;
}
